
Microsoft Visual Studio Solution File, Format Version 12.00
# Visual Studio Version 17
VisualStudioVersion = 17.1.32319.34
MinimumVisualStudioVersion = 10.0.40219.1
Project("{2150E333-8FDC-42A3-9474-1A3956D46DE8}") = "src", "src", "{8A973259-9A1A-44FA-85C5-1E979CDAD627}"
EndProject
Project("{2150E333-8FDC-42A3-9474-1A3956D46DE8}") = "tests", "tests", "{D0C9062F-AEE1-472C-99F4-39D124F9C05B}"
EndProject
Project("{9A19103F-16F7-4668-BE54-9A1E7A4F7556}") = "Dncy.MicrosoftDependencyInjection.Generator", "DependencyInjection.Generator\Dncy.MicrosoftDependencyInjection.Generator.csproj", "{3EA0B4FA-1AC2-4DEF-BB23-080D44CBE2FB}"
EndProject
Project("{9A19103F-16F7-4668-BE54-9A1E7A4F7556}") = "ConsoleTest", "Tests\ConsoleTest\ConsoleTest.csproj", "{1C9F8F0F-9A9D-48C2-9079-9264353138DD}"
EndProject
Project("{9A19103F-16F7-4668-BE54-9A1E7A4F7556}") = "ApiTest", "Tests\ApiTest\ApiTest.csproj", "{31281733-777D-42EB-A9BD-F5911D8F4190}"
EndProject
Global
	GlobalSection(SolutionConfigurationPlatforms) = preSolution
		Debug|Any CPU = Debug|Any CPU
		Release|Any CPU = Release|Any CPU
	EndGlobalSection
	GlobalSection(ProjectConfigurationPlatforms) = postSolution
		{3EA0B4FA-1AC2-4DEF-BB23-080D44CBE2FB}.Debug|Any CPU.ActiveCfg = Debug|Any CPU
		{3EA0B4FA-1AC2-4DEF-BB23-080D44CBE2FB}.Debug|Any CPU.Build.0 = Debug|Any CPU
		{3EA0B4FA-1AC2-4DEF-BB23-080D44CBE2FB}.Release|Any CPU.ActiveCfg = Release|Any CPU
		{3EA0B4FA-1AC2-4DEF-BB23-080D44CBE2FB}.Release|Any CPU.Build.0 = Release|Any CPU
		{1C9F8F0F-9A9D-48C2-9079-9264353138DD}.Debug|Any CPU.ActiveCfg = Debug|Any CPU
		{1C9F8F0F-9A9D-48C2-9079-9264353138DD}.Debug|Any CPU.Build.0 = Debug|Any CPU
		{1C9F8F0F-9A9D-48C2-9079-9264353138DD}.Release|Any CPU.ActiveCfg = Release|Any CPU
		{1C9F8F0F-9A9D-48C2-9079-9264353138DD}.Release|Any CPU.Build.0 = Release|Any CPU
		{31281733-777D-42EB-A9BD-F5911D8F4190}.Debug|Any CPU.ActiveCfg = Debug|Any CPU
		{31281733-777D-42EB-A9BD-F5911D8F4190}.Debug|Any CPU.Build.0 = Debug|Any CPU
		{31281733-777D-42EB-A9BD-F5911D8F4190}.Release|Any CPU.ActiveCfg = Release|Any CPU
		{31281733-777D-42EB-A9BD-F5911D8F4190}.Release|Any CPU.Build.0 = Release|Any CPU
	EndGlobalSection
	GlobalSection(SolutionProperties) = preSolution
		HideSolutionNode = FALSE
	EndGlobalSection
	GlobalSection(NestedProjects) = preSolution
		{3EA0B4FA-1AC2-4DEF-BB23-080D44CBE2FB} = {8A973259-9A1A-44FA-85C5-1E979CDAD627}
		{1C9F8F0F-9A9D-48C2-9079-9264353138DD} = {D0C9062F-AEE1-472C-99F4-39D124F9C05B}
		{31281733-777D-42EB-A9BD-F5911D8F4190} = {D0C9062F-AEE1-472C-99F4-39D124F9C05B}
	EndGlobalSection
	GlobalSection(ExtensibilityGlobals) = postSolution
		SolutionGuid = {48E31700-8B54-4A11-BD3A-CD5FE24BF6AE}
	EndGlobalSection
EndGlobal
