
Microsoft Visual Studio Solution File, Format Version 12.00
# Visual Studio Version 17
VisualStudioVersion = 17.1.32319.34
MinimumVisualStudioVersion = 10.0.40219.1
Project("{2150E333-8FDC-42A3-9474-1A3956D46DE8}") = "Generators", "Generators", "{4F11CEF7-E9A5-4693-93E5-430F03A853BA}"
EndProject
Project("{2150E333-8FDC-42A3-9474-1A3956D46DE8}") = "Test", "Test", "{B584BBE8-BC9B-4853-BC31-9DF6AC3ED50E}"
EndProject
Project("{2150E333-8FDC-42A3-9474-1A3956D46DE8}") = "Samples", "Samples", "{52D050E2-0C3A-4E0D-BA8C-9EA5876BE143}"
EndProject
Project("{9A19103F-16F7-4668-BE54-9A1E7A4F7556}") = "DependencyInjectGenerator", "Generators\DependencyInjectGenerator\DependencyInjectGenerator.csproj", "{DA2032C6-6D73-4777-BA37-FE32C7601599}"
EndProject
Project("{9A19103F-16F7-4668-BE54-9A1E7A4F7556}") = "ConsoleTest", "Test\ConsoleTest\ConsoleTest.csproj", "{5D44B657-59EC-4BC3-901E-C5B7E1070385}"
EndProject
Project("{2150E333-8FDC-42A3-9474-1A3956D46DE8}") = "MulitProjTest", "MulitProjTest", "{42239C3E-8E8E-4F87-898C-F576918F3601}"
EndProject
Project("{FAE04EC0-301F-11D3-BF4B-00C04F79EFBC}") = "WebApplication1", "Test\WebApplication1\WebApplication1.csproj", "{6AC797D7-EEBA-448E-92C9-83CEA59DAFD7}"
EndProject
Project("{FAE04EC0-301F-11D3-BF4B-00C04F79EFBC}") = "AppServices", "Test\AppServices\AppServices.csproj", "{B6A7CAF2-286D-4D4C-B572-ED76A708E94F}"
EndProject
Global
	GlobalSection(SolutionConfigurationPlatforms) = preSolution
		Debug|Any CPU = Debug|Any CPU
		Release|Any CPU = Release|Any CPU
	EndGlobalSection
	GlobalSection(ProjectConfigurationPlatforms) = postSolution
		{DA2032C6-6D73-4777-BA37-FE32C7601599}.Debug|Any CPU.ActiveCfg = Debug|Any CPU
		{DA2032C6-6D73-4777-BA37-FE32C7601599}.Debug|Any CPU.Build.0 = Debug|Any CPU
		{DA2032C6-6D73-4777-BA37-FE32C7601599}.Release|Any CPU.ActiveCfg = Release|Any CPU
		{DA2032C6-6D73-4777-BA37-FE32C7601599}.Release|Any CPU.Build.0 = Release|Any CPU
		{5D44B657-59EC-4BC3-901E-C5B7E1070385}.Debug|Any CPU.ActiveCfg = Debug|Any CPU
		{5D44B657-59EC-4BC3-901E-C5B7E1070385}.Debug|Any CPU.Build.0 = Debug|Any CPU
		{5D44B657-59EC-4BC3-901E-C5B7E1070385}.Release|Any CPU.ActiveCfg = Release|Any CPU
		{5D44B657-59EC-4BC3-901E-C5B7E1070385}.Release|Any CPU.Build.0 = Release|Any CPU
		{6AC797D7-EEBA-448E-92C9-83CEA59DAFD7}.Debug|Any CPU.ActiveCfg = Debug|Any CPU
		{6AC797D7-EEBA-448E-92C9-83CEA59DAFD7}.Debug|Any CPU.Build.0 = Debug|Any CPU
		{6AC797D7-EEBA-448E-92C9-83CEA59DAFD7}.Release|Any CPU.ActiveCfg = Release|Any CPU
		{6AC797D7-EEBA-448E-92C9-83CEA59DAFD7}.Release|Any CPU.Build.0 = Release|Any CPU
		{B6A7CAF2-286D-4D4C-B572-ED76A708E94F}.Debug|Any CPU.ActiveCfg = Debug|Any CPU
		{B6A7CAF2-286D-4D4C-B572-ED76A708E94F}.Debug|Any CPU.Build.0 = Debug|Any CPU
		{B6A7CAF2-286D-4D4C-B572-ED76A708E94F}.Release|Any CPU.ActiveCfg = Release|Any CPU
		{B6A7CAF2-286D-4D4C-B572-ED76A708E94F}.Release|Any CPU.Build.0 = Release|Any CPU
	EndGlobalSection
	GlobalSection(SolutionProperties) = preSolution
		HideSolutionNode = FALSE
	EndGlobalSection
	GlobalSection(NestedProjects) = preSolution
		{DA2032C6-6D73-4777-BA37-FE32C7601599} = {4F11CEF7-E9A5-4693-93E5-430F03A853BA}
		{5D44B657-59EC-4BC3-901E-C5B7E1070385} = {B584BBE8-BC9B-4853-BC31-9DF6AC3ED50E}
		{42239C3E-8E8E-4F87-898C-F576918F3601} = {B584BBE8-BC9B-4853-BC31-9DF6AC3ED50E}
		{6AC797D7-EEBA-448E-92C9-83CEA59DAFD7} = {42239C3E-8E8E-4F87-898C-F576918F3601}
		{B6A7CAF2-286D-4D4C-B572-ED76A708E94F} = {42239C3E-8E8E-4F87-898C-F576918F3601}
	EndGlobalSection
	GlobalSection(ExtensibilityGlobals) = postSolution
		SolutionGuid = {F0582286-F93B-4E55-BD2D-658B443C88C4}
	EndGlobalSection
EndGlobal
